
Microsoft Visual Studio Solution File, Format Version 12.00
# Visual Studio Version 16
VisualStudioVersion = 16.0.30225.117
MinimumVisualStudioVersion = 10.0.40219.1
Project("{9A19103F-16F7-4668-BE54-9A1E7A4F7556}") = "Bakery.Api", "Bakery.Api\Bakery.Api.csproj", "{4D1ECF70-9326-4510-A485-3D20DCFD115A}"
EndProject
Project("{FAE04EC0-301F-11D3-BF4B-00C04F79EFBC}") = "Bakery.Core", "Bakery.Core\Bakery.Core.csproj", "{74D107BE-C770-4496-98A6-DBBB9E456B54}"
EndProject
Global
	GlobalSection(SolutionConfigurationPlatforms) = preSolution
		Debug|Any CPU = Debug|Any CPU
		Release|Any CPU = Release|Any CPU
	EndGlobalSection
	GlobalSection(ProjectConfigurationPlatforms) = postSolution
		{4D1ECF70-9326-4510-A485-3D20DCFD115A}.Debug|Any CPU.ActiveCfg = Debug|Any CPU
		{4D1ECF70-9326-4510-A485-3D20DCFD115A}.Debug|Any CPU.Build.0 = Debug|Any CPU
		{4D1ECF70-9326-4510-A485-3D20DCFD115A}.Release|Any CPU.ActiveCfg = Release|Any CPU
		{4D1ECF70-9326-4510-A485-3D20DCFD115A}.Release|Any CPU.Build.0 = Release|Any CPU
		{74D107BE-C770-4496-98A6-DBBB9E456B54}.Debug|Any CPU.ActiveCfg = Debug|Any CPU
		{74D107BE-C770-4496-98A6-DBBB9E456B54}.Debug|Any CPU.Build.0 = Debug|Any CPU
		{74D107BE-C770-4496-98A6-DBBB9E456B54}.Release|Any CPU.ActiveCfg = Release|Any CPU
		{74D107BE-C770-4496-98A6-DBBB9E456B54}.Release|Any CPU.Build.0 = Release|Any CPU
	EndGlobalSection
	GlobalSection(SolutionProperties) = preSolution
		HideSolutionNode = FALSE
	EndGlobalSection
	GlobalSection(ExtensibilityGlobals) = postSolution
		SolutionGuid = {63F058CE-5988-4A0B-BAD0-6E8AD78E60B5}
	EndGlobalSection
EndGlobal
